
Microsoft Visual Studio Solution File, Format Version 12.00
# Visual Studio Version 17
VisualStudioVersion = 17.13.35825.156 d17.13
MinimumVisualStudioVersion = 10.0.40219.1
Project("{888888A0-9F3D-457C-B088-3A5042F75D52}") = "WebProject1", "WebProject1.pyproj", "{96D7B7A2-D5D9-49F8-A88E-FA7B4F5319FF}"
EndProject
Global
	GlobalSection(SolutionConfigurationPlatforms) = preSolution
		Debug|Any CPU = Debug|Any CPU
		Release|Any CPU = Release|Any CPU
	EndGlobalSection
	GlobalSection(ProjectConfigurationPlatforms) = postSolution
		{96D7B7A2-D5D9-49F8-A88E-FA7B4F5319FF}.Debug|Any CPU.ActiveCfg = Debug|Any CPU
		{96D7B7A2-D5D9-49F8-A88E-FA7B4F5319FF}.Debug|Any CPU.Build.0 = Debug|Any CPU
		{96D7B7A2-D5D9-49F8-A88E-FA7B4F5319FF}.Release|Any CPU.ActiveCfg = Release|Any CPU
		{96D7B7A2-D5D9-49F8-A88E-FA7B4F5319FF}.Release|Any CPU.Build.0 = Release|Any CPU
	EndGlobalSection
	GlobalSection(SolutionProperties) = preSolution
		HideSolutionNode = FALSE
	EndGlobalSection
	GlobalSection(ExtensibilityGlobals) = postSolution
		SolutionGuid = {B0B03BCE-C044-4643-AE8C-9207DC51D010}
	EndGlobalSection
EndGlobal
